Microsoft Visual Studio Solution File, Format Version 12.00
# Visual Studio Version 17
VisualStudioVersion = 17.5.2.0
MinimumVisualStudioVersion = 10.0.40219.1
Project("{2150E333-8FDC-42A3-9474-1A3956D46DE8}") = "EPVBackend", "EPVBackend", "{96242944-52C8-FC43-2FB2-52E2109C327F}"
EndProject
Project("{FAE04EC0-301F-11D3-BF4B-00C04F79EFBC}") = "EPVBackend", "EPVBackend\EPVBackend\EPVBackend.csproj", "{84875B3B-572A-7BA7-5663-F05477446A4F}"
EndProject
Global
	GlobalSection(SolutionConfigurationPlatforms) = preSolution
		Debug|Any CPU = Debug|Any CPU
		Release|Any CPU = Release|Any CPU
	EndGlobalSection
	GlobalSection(ProjectConfigurationPlatforms) = postSolution
		{84875B3B-572A-7BA7-5663-F05477446A4F}.Debug|Any CPU.ActiveCfg = Debug|Any CPU
		{84875B3B-572A-7BA7-5663-F05477446A4F}.Debug|Any CPU.Build.0 = Debug|Any CPU
		{84875B3B-572A-7BA7-5663-F05477446A4F}.Release|Any CPU.ActiveCfg = Release|Any CPU
		{84875B3B-572A-7BA7-5663-F05477446A4F}.Release|Any CPU.Build.0 = Release|Any CPU
	EndGlobalSection
	GlobalSection(SolutionProperties) = preSolution
		HideSolutionNode = FALSE
	EndGlobalSection
	GlobalSection(NestedProjects) = preSolution
		{84875B3B-572A-7BA7-5663-F05477446A4F} = {96242944-52C8-FC43-2FB2-52E2109C327F}
	EndGlobalSection
	GlobalSection(ExtensibilityGlobals) = postSolution
		SolutionGuid = {C7534354-8910-411E-82F5-851C88441087}
	EndGlobalSection
EndGlobal
